
Microsoft Visual Studio Solution File, Format Version 12.00
# Visual Studio 14
VisualStudioVersion = 14.0.25420.1
MinimumVisualStudioVersion = 10.0.40219.1
Project("{FAE04EC0-301F-11D3-BF4B-00C04F79EFBC}") = "ZhihuFind.Droid", "ZhihuFind.Droid\ZhihuFind.Droid.csproj", "{40B43C39-7181-41FD-8243-15CA0716B07E}"
EndProject
Project("{FAE04EC0-301F-11D3-BF4B-00C04F79EFBC}") = "UMeng.Social", "UMeng.Social\UMeng.Social.csproj", "{AFCCA26B-4E97-4220-A1DC-6783493945C6}"
EndProject
Global
	GlobalSection(SolutionConfigurationPlatforms) = preSolution
		Ad-Hoc|Any CPU = Ad-Hoc|Any CPU
		Ad-Hoc|iPhone = Ad-Hoc|iPhone
		Ad-Hoc|iPhoneSimulator = Ad-Hoc|iPhoneSimulator
		AppStore|Any CPU = AppStore|Any CPU
		AppStore|iPhone = AppStore|iPhone
		AppStore|iPhoneSimulator = AppStore|iPhoneSimulator
		Debug|Any CPU = Debug|Any CPU
		Debug|iPhone = Debug|iPhone
		Debug|iPhoneSimulator = Debug|iPhoneSimulator
		Release|Any CPU = Release|Any CPU
		Release|iPhone = Release|iPhone
		Release|iPhoneSimulator = Release|iPhoneSimulator
	EndGlobalSection
	GlobalSection(ProjectConfigurationPlatforms) = postSolution
		{40B43C39-7181-41FD-8243-15CA0716B07E}.Ad-Hoc|Any CPU.ActiveCfg = Release|Any CPU
		{40B43C39-7181-41FD-8243-15CA0716B07E}.Ad-Hoc|Any CPU.Build.0 = Release|Any CPU
		{40B43C39-7181-41FD-8243-15CA0716B07E}.Ad-Hoc|Any CPU.Deploy.0 = Release|Any CPU
		{40B43C39-7181-41FD-8243-15CA0716B07E}.Ad-Hoc|iPhone.ActiveCfg = Release|Any CPU
		{40B43C39-7181-41FD-8243-15CA0716B07E}.Ad-Hoc|iPhone.Build.0 = Release|Any CPU
		{40B43C39-7181-41FD-8243-15CA0716B07E}.Ad-Hoc|iPhone.Deploy.0 = Release|Any CPU
		{40B43C39-7181-41FD-8243-15CA0716B07E}.Ad-Hoc|iPhoneSimulator.ActiveCfg = Release|Any CPU
		{40B43C39-7181-41FD-8243-15CA0716B07E}.Ad-Hoc|iPhoneSimulator.Build.0 = Release|Any CPU
		{40B43C39-7181-41FD-8243-15CA0716B07E}.Ad-Hoc|iPhoneSimulator.Deploy.0 = Release|Any CPU
		{40B43C39-7181-41FD-8243-15CA0716B07E}.AppStore|Any CPU.ActiveCfg = Release|Any CPU
		{40B43C39-7181-41FD-8243-15CA0716B07E}.AppStore|Any CPU.Build.0 = Release|Any CPU
		{40B43C39-7181-41FD-8243-15CA0716B07E}.AppStore|Any CPU.Deploy.0 = Release|Any CPU
		{40B43C39-7181-41FD-8243-15CA0716B07E}.AppStore|iPhone.ActiveCfg = Release|Any CPU
		{40B43C39-7181-41FD-8243-15CA0716B07E}.AppStore|iPhone.Build.0 = Release|Any CPU
		{40B43C39-7181-41FD-8243-15CA0716B07E}.AppStore|iPhone.Deploy.0 = Release|Any CPU
		{40B43C39-7181-41FD-8243-15CA0716B07E}.AppStore|iPhoneSimulator.ActiveCfg = Release|Any CPU
		{40B43C39-7181-41FD-8243-15CA0716B07E}.AppStore|iPhoneSimulator.Build.0 = Release|Any CPU
		{40B43C39-7181-41FD-8243-15CA0716B07E}.AppStore|iPhoneSimulator.Deploy.0 = Release|Any CPU
		{40B43C39-7181-41FD-8243-15CA0716B07E}.Debug|Any CPU.ActiveCfg = Debug|Any CPU
		{40B43C39-7181-41FD-8243-15CA0716B07E}.Debug|Any CPU.Build.0 = Debug|Any CPU
		{40B43C39-7181-41FD-8243-15CA0716B07E}.Debug|Any CPU.Deploy.0 = Debug|Any CPU
		{40B43C39-7181-41FD-8243-15CA0716B07E}.Debug|iPhone.ActiveCfg = Debug|Any CPU
		{40B43C39-7181-41FD-8243-15CA0716B07E}.Debug|iPhone.Build.0 = Debug|Any CPU
		{40B43C39-7181-41FD-8243-15CA0716B07E}.Debug|iPhone.Deploy.0 = Debug|Any CPU
		{40B43C39-7181-41FD-8243-15CA0716B07E}.Debug|iPhoneSimulator.ActiveCfg = Debug|Any CPU
		{40B43C39-7181-41FD-8243-15CA0716B07E}.Debug|iPhoneSimulator.Build.0 = Debug|Any CPU
		{40B43C39-7181-41FD-8243-15CA0716B07E}.Debug|iPhoneSimulator.Deploy.0 = Debug|Any CPU
		{40B43C39-7181-41FD-8243-15CA0716B07E}.Release|Any CPU.ActiveCfg = Release|Any CPU
		{40B43C39-7181-41FD-8243-15CA0716B07E}.Release|Any CPU.Build.0 = Release|Any CPU
		{40B43C39-7181-41FD-8243-15CA0716B07E}.Release|Any CPU.Deploy.0 = Release|Any CPU
		{40B43C39-7181-41FD-8243-15CA0716B07E}.Release|iPhone.ActiveCfg = Release|Any CPU
		{40B43C39-7181-41FD-8243-15CA0716B07E}.Release|iPhone.Build.0 = Release|Any CPU
		{40B43C39-7181-41FD-8243-15CA0716B07E}.Release|iPhone.Deploy.0 = Release|Any CPU
		{40B43C39-7181-41FD-8243-15CA0716B07E}.Release|iPhoneSimulator.ActiveCfg = Release|Any CPU
		{40B43C39-7181-41FD-8243-15CA0716B07E}.Release|iPhoneSimulator.Build.0 = Release|Any CPU
		{40B43C39-7181-41FD-8243-15CA0716B07E}.Release|iPhoneSimulator.Deploy.0 = Release|Any CPU
		{AFCCA26B-4E97-4220-A1DC-6783493945C6}.Ad-Hoc|Any CPU.ActiveCfg = Release|Any CPU
		{AFCCA26B-4E97-4220-A1DC-6783493945C6}.Ad-Hoc|Any CPU.Build.0 = Release|Any CPU
		{AFCCA26B-4E97-4220-A1DC-6783493945C6}.Ad-Hoc|iPhone.ActiveCfg = Release|Any CPU
		{AFCCA26B-4E97-4220-A1DC-6783493945C6}.Ad-Hoc|iPhone.Build.0 = Release|Any CPU
		{AFCCA26B-4E97-4220-A1DC-6783493945C6}.Ad-Hoc|iPhoneSimulator.ActiveCfg = Release|Any CPU
		{AFCCA26B-4E97-4220-A1DC-6783493945C6}.Ad-Hoc|iPhoneSimulator.Build.0 = Release|Any CPU
		{AFCCA26B-4E97-4220-A1DC-6783493945C6}.AppStore|Any CPU.ActiveCfg = Release|Any CPU
		{AFCCA26B-4E97-4220-A1DC-6783493945C6}.AppStore|Any CPU.Build.0 = Release|Any CPU
		{AFCCA26B-4E97-4220-A1DC-6783493945C6}.AppStore|iPhone.ActiveCfg = Release|Any CPU
		{AFCCA26B-4E97-4220-A1DC-6783493945C6}.AppStore|iPhone.Build.0 = Release|Any CPU
		{AFCCA26B-4E97-4220-A1DC-6783493945C6}.AppStore|iPhoneSimulator.ActiveCfg = Release|Any CPU
		{AFCCA26B-4E97-4220-A1DC-6783493945C6}.AppStore|iPhoneSimulator.Build.0 = Release|Any CPU
		{AFCCA26B-4E97-4220-A1DC-6783493945C6}.Debug|Any CPU.ActiveCfg = Debug|Any CPU
		{AFCCA26B-4E97-4220-A1DC-6783493945C6}.Debug|Any CPU.Build.0 = Debug|Any CPU
		{AFCCA26B-4E97-4220-A1DC-6783493945C6}.Debug|iPhone.ActiveCfg = Debug|Any CPU
		{AFCCA26B-4E97-4220-A1DC-6783493945C6}.Debug|iPhone.Build.0 = Debug|Any CPU
		{AFCCA26B-4E97-4220-A1DC-6783493945C6}.Debug|iPhoneSimulator.ActiveCfg = Debug|Any CPU
		{AFCCA26B-4E97-4220-A1DC-6783493945C6}.Debug|iPhoneSimulator.Build.0 = Debug|Any CPU
		{AFCCA26B-4E97-4220-A1DC-6783493945C6}.Release|Any CPU.ActiveCfg = Release|Any CPU
		{AFCCA26B-4E97-4220-A1DC-6783493945C6}.Release|Any CPU.Build.0 = Release|Any CPU
		{AFCCA26B-4E97-4220-A1DC-6783493945C6}.Release|iPhone.ActiveCfg = Release|Any CPU
		{AFCCA26B-4E97-4220-A1DC-6783493945C6}.Release|iPhone.Build.0 = Release|Any CPU
		{AFCCA26B-4E97-4220-A1DC-6783493945C6}.Release|iPhoneSimulator.ActiveCfg = Release|Any CPU
		{AFCCA26B-4E97-4220-A1DC-6783493945C6}.Release|iPhoneSimulator.Build.0 = Release|Any CPU
	EndGlobalSection
	GlobalSection(SolutionProperties) = preSolution
		HideSolutionNode = FALSE
	EndGlobalSection
EndGlobal
